
Microsoft Visual Studio Solution File, Format Version 12.00
# Visual Studio 14
VisualStudioVersion = 14.0.24720.0
MinimumVisualStudioVersion = 10.0.40219.1
Project("{FAE04EC0-301F-11D3-BF4B-00C04F79EFBC}") = "EtrApiSample", "EtrApiSample\EtrApiSample.csproj", "{97100E17-D28E-4E59-95C6-A6EC1AD57E1D}"
EndProject
Project("{FAE04EC0-301F-11D3-BF4B-00C04F79EFBC}") = "UnitTest", "UnitTest\UnitTest.csproj", "{8D14756C-D887-4121-86F8-6D4116850334}"
EndProject
Global
	GlobalSection(SolutionConfigurationPlatforms) = preSolution
		Debug|Any CPU = Debug|Any CPU
		Release|Any CPU = Release|Any CPU
	EndGlobalSection
	GlobalSection(ProjectConfigurationPlatforms) = postSolution
		{97100E17-D28E-4E59-95C6-A6EC1AD57E1D}.Debug|Any CPU.ActiveCfg = Debug|Any CPU
		{97100E17-D28E-4E59-95C6-A6EC1AD57E1D}.Debug|Any CPU.Build.0 = Debug|Any CPU
		{97100E17-D28E-4E59-95C6-A6EC1AD57E1D}.Release|Any CPU.ActiveCfg = Release|Any CPU
		{97100E17-D28E-4E59-95C6-A6EC1AD57E1D}.Release|Any CPU.Build.0 = Release|Any CPU
		{8D14756C-D887-4121-86F8-6D4116850334}.Debug|Any CPU.ActiveCfg = Debug|Any CPU
		{8D14756C-D887-4121-86F8-6D4116850334}.Debug|Any CPU.Build.0 = Debug|Any CPU
		{8D14756C-D887-4121-86F8-6D4116850334}.Release|Any CPU.ActiveCfg = Release|Any CPU
		{8D14756C-D887-4121-86F8-6D4116850334}.Release|Any CPU.Build.0 = Release|Any CPU
	EndGlobalSection
	GlobalSection(SolutionProperties) = preSolution
		HideSolutionNode = FALSE
	EndGlobalSection
EndGlobal
